
Microsoft Visual Studio Solution File, Format Version 12.00
# Visual Studio Version 17
VisualStudioVersion = 17.0.32112.339
MinimumVisualStudioVersion = 10.0.40219.1
Project("{9A19103F-16F7-4668-BE54-9A1E7A4F7556}") = "Company.Cmd", "Company.Cmd\Company.Cmd.csproj", "{DEACFB6C-FA6C-4F83-89A7-88F0A94CE5C1}"
EndProject
Project("{9A19103F-16F7-4668-BE54-9A1E7A4F7556}") = "Company.Data", "Company.Data\Company.Data.csproj", "{FF240A37-6146-4102-80AE-E41F6BD4F781}"
EndProject
Project("{9A19103F-16F7-4668-BE54-9A1E7A4F7556}") = "Company.Services", "Company.Services\Company.Services.csproj", "{2F3F3D1A-D9A8-4FB1-8444-A4D3AE7E8F5F}"
EndProject
Global
	GlobalSection(SolutionConfigurationPlatforms) = preSolution
		Debug|Any CPU = Debug|Any CPU
		Release|Any CPU = Release|Any CPU
	EndGlobalSection
	GlobalSection(ProjectConfigurationPlatforms) = postSolution
		{DEACFB6C-FA6C-4F83-89A7-88F0A94CE5C1}.Debug|Any CPU.ActiveCfg = Debug|Any CPU
		{DEACFB6C-FA6C-4F83-89A7-88F0A94CE5C1}.Debug|Any CPU.Build.0 = Debug|Any CPU
		{DEACFB6C-FA6C-4F83-89A7-88F0A94CE5C1}.Release|Any CPU.ActiveCfg = Release|Any CPU
		{DEACFB6C-FA6C-4F83-89A7-88F0A94CE5C1}.Release|Any CPU.Build.0 = Release|Any CPU
		{FF240A37-6146-4102-80AE-E41F6BD4F781}.Debug|Any CPU.ActiveCfg = Debug|Any CPU
		{FF240A37-6146-4102-80AE-E41F6BD4F781}.Debug|Any CPU.Build.0 = Debug|Any CPU
		{FF240A37-6146-4102-80AE-E41F6BD4F781}.Release|Any CPU.ActiveCfg = Release|Any CPU
		{FF240A37-6146-4102-80AE-E41F6BD4F781}.Release|Any CPU.Build.0 = Release|Any CPU
		{2F3F3D1A-D9A8-4FB1-8444-A4D3AE7E8F5F}.Debug|Any CPU.ActiveCfg = Debug|Any CPU
		{2F3F3D1A-D9A8-4FB1-8444-A4D3AE7E8F5F}.Debug|Any CPU.Build.0 = Debug|Any CPU
		{2F3F3D1A-D9A8-4FB1-8444-A4D3AE7E8F5F}.Release|Any CPU.ActiveCfg = Release|Any CPU
		{2F3F3D1A-D9A8-4FB1-8444-A4D3AE7E8F5F}.Release|Any CPU.Build.0 = Release|Any CPU
	EndGlobalSection
	GlobalSection(SolutionProperties) = preSolution
		HideSolutionNode = FALSE
	EndGlobalSection
	GlobalSection(ExtensibilityGlobals) = postSolution
		SolutionGuid = {9AA407C0-BE60-4ABC-A0A9-41FDB020030F}
	EndGlobalSection
EndGlobal
